
Microsoft Visual Studio Solution File, Format Version 12.00
# Visual Studio Version 16
VisualStudioVersion = 16.0.33214.272
MinimumVisualStudioVersion = 10.0.40219.1
Project("{FAE04EC0-301F-11D3-BF4B-00C04F79EFBC}") = "Shop Management System", "Shop Management SYstem\Shop Management System.csproj", "{CA1BE653-9FAC-47F9-A84A-E403268EF813}"
EndProject
Global
	GlobalSection(SolutionConfigurationPlatforms) = preSolution
		Debug|Any CPU = Debug|Any CPU
		Release|Any CPU = Release|Any CPU
	EndGlobalSection
	GlobalSection(ProjectConfigurationPlatforms) = postSolution
		{CA1BE653-9FAC-47F9-A84A-E403268EF813}.Debug|Any CPU.ActiveCfg = Debug|Any CPU
		{CA1BE653-9FAC-47F9-A84A-E403268EF813}.Debug|Any CPU.Build.0 = Debug|Any CPU
		{CA1BE653-9FAC-47F9-A84A-E403268EF813}.Release|Any CPU.ActiveCfg = Release|Any CPU
		{CA1BE653-9FAC-47F9-A84A-E403268EF813}.Release|Any CPU.Build.0 = Release|Any CPU
	EndGlobalSection
	GlobalSection(SolutionProperties) = preSolution
		HideSolutionNode = FALSE
	EndGlobalSection
	GlobalSection(ExtensibilityGlobals) = postSolution
		SolutionGuid = {18773BC0-6C03-4C1F-9300-495528EEB126}
	EndGlobalSection
EndGlobal
